// !$*UTF8*$!
{
	archiveVersion = 1;
	classes = {
	};
	objectVersion = 46;
	objects = {

/* Begin PBXBuildFile section */
		2FEFF4331F444D040057B634 /* AppDelegate.swift in Sources */ = {isa = PBXBuildFile; fileRef = 2FEFF4321F444D040057B634 /* AppDelegate.swift */; };
		2FEFF4351F444D040057B634 /* ViewController.swift in Sources */ = {isa = PBXBuildFile; fileRef = 2FEFF4341F444D040057B634 /* ViewController.swift */; };
		2FEFF4381F444D040057B634 /* Main.storyboard in Resources */ = {isa = PBXBuildFile; fileRef = 2FEFF4361F444D040057B634 /* Main.storyboard */; };
		2FEFF43A1F444D040057B634 /* Assets.xcassets in Resources */ = {isa = PBXBuildFile; fileRef = 2FEFF4391F444D040057B634 /* Assets.xcassets */; };
		2FEFF43D1F444D040057B634 /* LaunchScreen.storyboard in Resources */ = {isa = PBXBuildFile; fileRef = 2FEFF43B1F444D040057B634 /* LaunchScreen.storyboard */; };
		2FEFF4451F4452890057B634 /* AzarashiViewController.swift in Sources */ = {isa = PBXBuildFile; fileRef = 2FEFF4441F4452890057B634 /* AzarashiViewController.swift */; };
		2FEFF4471F4457160057B634 /* AnimationsViewController.swift in Sources */ = {isa = PBXBuildFile; fileRef = 2FEFF4461F4457160057B634 /* AnimationsViewController.swift */; };
		2FEFF4491F4463E20057B634 /* JogBoyViewController.swift in Sources */ = {isa = PBXBuildFile; fileRef = 2FEFF4481F4463E20057B634 /* JogBoyViewController.swift */; };
/* End PBXBuildFile section */

/* Begin PBXFileReference section */
		2FEFF42F1F444D040057B634 /* 15-animation.app */ = {isa = PBXFileReference; explicitFileType = wrapper.application; includeInIndex = 0; path = "15-animation.app"; sourceTree = BUILT_PRODUCTS_DIR; };
		2FEFF4321F444D040057B634 /* AppDelegate.swift */ = {isa = PBXFileReference; lastKnownFileType = sourcecode.swift; path = AppDelegate.swift; sourceTree = "<group>"; };
		2FEFF4341F444D040057B634 /* ViewController.swift */ = {isa = PBXFileReference; lastKnownFileType = sourcecode.swift; path = ViewController.swift; sourceTree = "<group>"; };
		2FEFF4371F444D040057B634 /* Base */ = {isa = PBXFileReference; lastKnownFileType = file.storyboard; name = Base; path = Base.lproj/Main.storyboard; sourceTree = "<group>"; };
		2FEFF4391F444D040057B634 /* Assets.xcassets */ = {isa = PBXFileReference; lastKnownFileType = folder.assetcatalog; path = Assets.xcassets; sourceTree = "<group>"; };
		2FEFF43C1F444D040057B634 /* Base */ = {isa = PBXFileReference; lastKnownFileType = file.storyboard; name = Base; path = Base.lproj/LaunchScreen.storyboard; sourceTree = "<group>"; };
		2FEFF43E1F444D040057B634 /* Info.plist */ = {isa = PBXFileReference; lastKnownFileType = text.plist.xml; path = Info.plist; sourceTree = "<group>"; };
		2FEFF4441F4452890057B634 /* AzarashiViewController.swift */ = {isa = PBXFileReference; fileEncoding = 4; lastKnownFileType = sourcecode.swift; path = AzarashiViewController.swift; sourceTree = "<group>"; };
		2FEFF4461F4457160057B634 /* AnimationsViewController.swift */ = {isa = PBXFileReference; fileEncoding = 4; lastKnownFileType = sourcecode.swift; path = AnimationsViewController.swift; sourceTree = "<group>"; };
		2FEFF4481F4463E20057B634 /* JogBoyViewController.swift */ = {isa = PBXFileReference; fileEncoding = 4; lastKnownFileType = sourcecode.swift; path = JogBoyViewController.swift; sourceTree = "<group>"; };
/* End PBXFileReference section */

/* Begin PBXFrameworksBuildPhase section */
		2FEFF42C1F444D040057B634 /* Frameworks */ = {
			isa = PBXFrameworksBuildPhase;
			buildActionMask = 2147483647;
			files = (
			);
			runOnlyForDeploymentPostprocessing = 0;
		};
/* End PBXFrameworksBuildPhase section */

/* Begin PBXGroup section */
		2FEFF4261F444D040057B634 = {
			isa = PBXGroup;
			children = (
				2FEFF4481F4463E20057B634 /* JogBoyViewController.swift */,
				2FEFF4311F444D040057B634 /* 15-animation */,
				2FEFF4301F444D040057B634 /* Products */,
			);
			sourceTree = "<group>";
		};
		2FEFF4301F444D040057B634 /* Products */ = {
			isa = PBXGroup;
			children = (
				2FEFF42F1F444D040057B634 /* 15-animation.app */,
			);
			name = Products;
			sourceTree = "<group>";
		};
		2FEFF4311F444D040057B634 /* 15-animation */ = {
			isa = PBXGroup;
			children = (
				2FEFF4321F444D040057B634 /* AppDelegate.swift */,
				2FEFF4341F444D040057B634 /* ViewController.swift */,
				2FEFF4361F444D040057B634 /* Main.storyboard */,
				2FEFF4391F444D040057B634 /* Assets.xcassets */,
				2FEFF4441F4452890057B634 /* AzarashiViewController.swift */,
				2FEFF4461F4457160057B634 /* AnimationsViewController.swift */,
				2FEFF43B1F444D040057B634 /* LaunchScreen.storyboard */,
				2FEFF43E1F444D040057B634 /* Info.plist */,
			);
			path = "15-animation";
			sourceTree = "<group>";
		};
/* End PBXGroup section */

/* Begin PBXNativeTarget section */
		2FEFF42E1F444D040057B634 /* 15-animation */ = {
			isa = PBXNativeTarget;
			buildConfigurationList = 2FEFF4411F444D040057B634 /* Build configuration list for PBXNativeTarget "15-animation" */;
			buildPhases = (
				2FEFF42B1F444D040057B634 /* Sources */,
				2FEFF42C1F444D040057B634 /* Frameworks */,
				2FEFF42D1F444D040057B634 /* Resources */,
			);
			buildRules = (
			);
			dependencies = (
			);
			name = "15-animation";
			productName = "15-animation";
			productReference = 2FEFF42F1F444D040057B634 /* 15-animation.app */;
			productType = "com.apple.product-type.application";
		};
/* End PBXNativeTarget section */

/* Begin PBXProject section */
		2FEFF4271F444D040057B634 /* Project object */ = {
			isa = PBXProject;
			attributes = {
				LastSwiftUpdateCheck = 0830;
				LastUpgradeCheck = 0830;
				ORGANIZATIONNAME = "ryosuke takazawa";
				TargetAttributes = {
					2FEFF42E1F444D040057B634 = {
						CreatedOnToolsVersion = 8.3.3;
						DevelopmentTeam = H8B6LJ6B3G;
						ProvisioningStyle = Automatic;
					};
				};
			};
			buildConfigurationList = 2FEFF42A1F444D040057B634 /* Build configuration list for PBXProject "15-animation" */;
			compatibilityVersion = "Xcode 3.2";
			developmentRegion = English;
			hasScannedForEncodings = 0;
			knownRegions = (
				en,
				Base,
			);
			mainGroup = 2FEFF4261F444D040057B634;
			productRefGroup = 2FEFF4301F444D040057B634 /* Products */;
			projectDirPath = "";
			projectRoot = "";
			targets = (
				2FEFF42E1F444D040057B634 /* 15-animation */,
			);
		};
/* End PBXProject section */

/* Begin PBXResourcesBuildPhase section */
		2FEFF42D1F444D040057B634 /* Resources */ = {
			isa = PBXResourcesBuildPhase;
			buildActionMask = 2147483647;
			files = (
				2FEFF43D1F444D040057B634 /* LaunchScreen.storyboard in Resources */,
				2FEFF43A1F444D040057B634 /* Assets.xcassets in Resources */,
				2FEFF4381F444D040057B634 /* Main.storyboard in Resources */,
			);
			runOnlyForDeploymentPostprocessing = 0;
		};
/* End PBXResourcesBuildPhase section */

/* Begin PBXSourcesBuildPhase section */
		2FEFF42B1F444D040057B634 /* Sources */ = {
			isa = PBXSourcesBuildPhase;
			buildActionMask = 2147483647;
			files = (
				2FEFF4351F444D040057B634 /* ViewController.swift in Sources */,
				2FEFF4331F444D040057B634 /* AppDelegate.swift in Sources */,
				2FEFF4451F4452890057B634 /* AzarashiViewController.swift in Sources */,
				2FEFF4491F4463E20057B634 /* JogBoyViewController.swift in Sources */,
				2FEFF4471F4457160057B634 /* AnimationsViewController.swift in Sources */,
			);
			runOnlyForDeploymentPostprocessing = 0;
		};
/* End PBXSourcesBuildPhase section */

/* Begin PBXVariantGroup section */
		2FEFF4361F444D040057B634 /* Main.storyboard */ = {
			isa = PBXVariantGroup;
			children = (
				2FEFF4371F444D040057B634 /* Base */,
			);
			name = Main.storyboard;
			sourceTree = "<group>";
		};
		2FEFF43B1F444D040057B634 /* LaunchScreen.storyboard */ = {
			isa = PBXVariantGroup;
			children = (
				2FEFF43C1F444D040057B634 /* Base */,
			);
			name = LaunchScreen.storyboard;
			sourceTree = "<group>";
		};
/* End PBXVariantGroup section */

/* Begin XCBuildConfiguration section */
		2FEFF43F1F444D040057B634 /* Debug */ = {
			isa = XCBuildConfiguration;
			buildSettings = {
				ALWAYS_SEARCH_USER_PATHS = NO;
				CLANG_ANALYZER_NONNULL = YES;
				CLANG_ANALYZER_NUMBER_OBJECT_CONVERSION = YES_AGGRESSIVE;
				CLANG_CXX_LANGUAGE_STANDARD = "gnu++0x";
				CLANG_CXX_LIBRARY = "libc++";
				CLANG_ENABLE_MODULES = YES;
				CLANG_ENABLE_OBJC_ARC = YES;
				CLANG_WARN_BOOL_CONVERSION = YES;
				CLANG_WARN_CONSTANT_CONVERSION = YES;
				CLANG_WARN_DIRECT_OBJC_ISA_USAGE = YES_ERROR;
				CLANG_WARN_DOCUMENTATION_COMMENTS = YES;
				CLANG_WARN_EMPTY_BODY = YES;
				CLANG_WARN_ENUM_CONVERSION = YES;
				CLANG_WARN_INFINITE_RECURSION = YES;
				CLANG_WARN_INT_CONVERSION = YES;
				CLANG_WARN_OBJC_ROOT_CLASS = YES_ERROR;
				CLANG_WARN_SUSPICIOUS_MOVE = YES;
				CLANG_WARN_UNREACHABLE_CODE = YES;
				CLANG_WARN__DUPLICATE_METHOD_MATCH = YES;
				"CODE_SIGN_IDENTITY[sdk=iphoneos*]" = "iPhone Developer";
				COPY_PHASE_STRIP = NO;
				DEBUG_INFORMATION_FORMAT = dwarf;
				ENABLE_STRICT_OBJC_MSGSEND = YES;
				ENABLE_TESTABILITY = YES;
				GCC_C_LANGUAGE_STANDARD = gnu99;
				GCC_DYNAMIC_NO_PIC = NO;
				GCC_NO_COMMON_BLOCKS = YES;
				GCC_OPTIMIZATION_LEVEL = 0;
				GCC_PREPROCESSOR_DEFINITIONS = (
					"DEBUG=1",
					"$(inherited)",
				);
				GCC_WARN_64_TO_32_BIT_CONVERSION = YES;
				GCC_WARN_ABOUT_RETURN_TYPE = YES_ERROR;
				GCC_WARN_UNDECLARED_SELECTOR = YES;
				GCC_WARN_UNINITIALIZED_AUTOS = YES_AGGRESSIVE;
				GCC_WARN_UNUSED_FUNCTION = YES;
				GCC_WARN_UNUSED_VARIABLE = YES;
				IPHONEOS_DEPLOYMENT_TARGET = 10.3;
				MTL_ENABLE_DEBUG_INFO = YES;
				ONLY_ACTIVE_ARCH = YES;
				SDKROOT = iphoneos;
				SWIFT_ACTIVE_COMPILATION_CONDITIONS = DEBUG;
				SWIFT_OPTIMIZATION_LEVEL = "-Onone";
				TARGETED_DEVICE_FAMILY = "1,2";
			};
			name = Debug;
		};
		2FEFF4401F444D040057B634 /* Release */ = {
			isa = XCBuildConfiguration;
			buildSettings = {
				ALWAYS_SEARCH_USER_PATHS = NO;
				CLANG_ANALYZER_NONNULL = YES;
				CLANG_ANALYZER_NUMBER_OBJECT_CONVERSION = YES_AGGRESSIVE;
				CLANG_CXX_LANGUAGE_STANDARD = "gnu++0x";
				CLANG_CXX_LIBRARY = "libc++";
				CLANG_ENABLE_MODULES = YES;
				CLANG_ENABLE_OBJC_ARC = YES;
				CLANG_WARN_BOOL_CONVERSION = YES;
				CLANG_WARN_CONSTANT_CONVERSION = YES;
				CLANG_WARN_DIRECT_OBJC_ISA_USAGE = YES_ERROR;
				CLANG_WARN_DOCUMENTATION_COMMENTS = YES;
				CLANG_WARN_EMPTY_BODY = YES;
				CLANG_WARN_ENUM_CONVERSION = YES;
				CLANG_WARN_INFINITE_RECURSION = YES;
				CLANG_WARN_INT_CONVERSION = YES;
				CLANG_WARN_OBJC_ROOT_CLASS = YES_ERROR;
				CLANG_WARN_SUSPICIOUS_MOVE = YES;
				CLANG_WARN_UNREACHABLE_CODE = YES;
				CLANG_WARN__DUPLICATE_METHOD_MATCH = YES;
				"CODE_SIGN_IDENTITY[sdk=iphoneos*]" = "iPhone Developer";
				COPY_PHASE_STRIP = NO;
				DEBUG_INFORMATION_FORMAT = "dwarf-with-dsym";
				ENABLE_NS_ASSERTIONS = NO;
				ENABLE_STRICT_OBJC_MSGSEND = YES;
				GCC_C_LANGUAGE_STANDARD = gnu99;
				GCC_NO_COMMON_BLOCKS = YES;
				GCC_WARN_64_TO_32_BIT_CONVERSION = YES;
				GCC_WARN_ABOUT_RETURN_TYPE = YES_ERROR;
				GCC_WARN_UNDECLARED_SELECTOR = YES;
				GCC_WARN_UNINITIALIZED_AUTOS = YES_AGGRESSIVE;
				GCC_WARN_UNUSED_FUNCTION = YES;
				GCC_WARN_UNUSED_VARIABLE = YES;
				IPHONEOS_DEPLOYMENT_TARGET = 10.3;
				MTL_ENABLE_DEBUG_INFO = NO;
				SDKROOT = iphoneos;
				SWIFT_OPTIMIZATION_LEVEL = "-Owholemodule";
				TARGETED_DEVICE_FAMILY = "1,2";
				VALIDATE_PRODUCT = YES;
			};
			name = Release;
		};
		2FEFF4421F444D040057B634 /* Debug */ = {
			isa = XCBuildConfiguration;
			buildSettings = {
				ASSETCATALOG_COMPILER_APPICON_NAME = AppIcon;
				DEVELOPMENT_TEAM = H8B6LJ6B3G;
				INFOPLIST_FILE = "15-animation/Info.plist";
				LD_RUNPATH_SEARCH_PATHS = "$(inherited) @executable_path/Frameworks";
				PRODUCT_BUNDLE_IDENTIFIER = "com.zawawa.-5-animation";
				PRODUCT_NAME = "$(TARGET_NAME)";
				SWIFT_VERSION = 3.0;
			};
			name = Debug;
		};
		2FEFF4431F444D040057B634 /* Release */ = {
			isa = XCBuildConfiguration;
			buildSettings = {
				ASSETCATALOG_COMPILER_APPICON_NAME = AppIcon;
				DEVELOPMENT_TEAM = H8B6LJ6B3G;
				INFOPLIST_FILE = "15-animation/Info.plist";
				LD_RUNPATH_SEARCH_PATHS = "$(inherited) @executable_path/Frameworks";
				PRODUCT_BUNDLE_IDENTIFIER = "com.zawawa.-5-animation";
				PRODUCT_NAME = "$(TARGET_NAME)";
				SWIFT_VERSION = 3.0;
			};
			name = Release;
		};
/* End XCBuildConfiguration section */

/* Begin XCConfigurationList section */
		2FEFF42A1F444D040057B634 /* Build configuration list for PBXProject "15-animation" */ = {
			isa = XCConfigurationList;
			buildConfigurations = (
				2FEFF43F1F444D040057B634 /* Debug */,
				2FEFF4401F444D040057B634 /* Release */,
			);
			defaultConfigurationIsVisible = 0;
			defaultConfigurationName = Release;
		};
		2FEFF4411F444D040057B634 /* Build configuration list for PBXNativeTarget "15-animation" */ = {
			isa = XCConfigurationList;
			buildConfigurations = (
				2FEFF4421F444D040057B634 /* Debug */,
				2FEFF4431F444D040057B634 /* Release */,
			);
			defaultConfigurationIsVisible = 0;
		};
/* End XCConfigurationList section */
	};
	rootObject = 2FEFF4271F444D040057B634 /* Project object */;
}
